
Microsoft Visual Studio Solution File, Format Version 12.00
# Visual Studio Version 17
VisualStudioVersion = 17.4.33103.184
MinimumVisualStudioVersion = 10.0.40219.1
Project("{9A19103F-16F7-4668-BE54-9A1E7A4F7556}") = "Feeder", "Feeder\Feeder.csproj", "{6EC023DC-0BA3-46A9-BDFA-8D6AAE54DA12}"
EndProject
Global
	GlobalSection(SolutionConfigurationPlatforms) = preSolution
		Debug|Any CPU = Debug|Any CPU
		Release|Any CPU = Release|Any CPU
	EndGlobalSection
	GlobalSection(ProjectConfigurationPlatforms) = postSolution
		{6EC023DC-0BA3-46A9-BDFA-8D6AAE54DA12}.Debug|Any CPU.ActiveCfg = Debug|Any CPU
		{6EC023DC-0BA3-46A9-BDFA-8D6AAE54DA12}.Debug|Any CPU.Build.0 = Debug|Any CPU
		{6EC023DC-0BA3-46A9-BDFA-8D6AAE54DA12}.Release|Any CPU.ActiveCfg = Release|Any CPU
		{6EC023DC-0BA3-46A9-BDFA-8D6AAE54DA12}.Release|Any CPU.Build.0 = Release|Any CPU
	EndGlobalSection
	GlobalSection(SolutionProperties) = preSolution
		HideSolutionNode = FALSE
	EndGlobalSection
	GlobalSection(ExtensibilityGlobals) = postSolution
		SolutionGuid = {F54BF149-43CC-40B0-8196-9191D813107F}
	EndGlobalSection
EndGlobal
